
Microsoft Visual Studio Solution File, Format Version 12.00
# Visual Studio Version 17
VisualStudioVersion = 17.3.32929.385
MinimumVisualStudioVersion = 10.0.40219.1
Project("{FAE04EC0-301F-11D3-BF4B-00C04F79EFBC}") = "AnimalsController", "AnimalsController.csproj", "{FC305ECE-ACA7-451E-9676-EB094A565851}"
EndProject
Global
	GlobalSection(SolutionConfigurationPlatforms) = preSolution
		Debug|Any CPU = Debug|Any CPU
		Release|Any CPU = Release|Any CPU
	EndGlobalSection
	GlobalSection(ProjectConfigurationPlatforms) = postSolution
		{FC305ECE-ACA7-451E-9676-EB094A565851}.Debug|Any CPU.ActiveCfg = Debug|Any CPU
		{FC305ECE-ACA7-451E-9676-EB094A565851}.Debug|Any CPU.Build.0 = Debug|Any CPU
		{FC305ECE-ACA7-451E-9676-EB094A565851}.Release|Any CPU.ActiveCfg = Release|Any CPU
		{FC305ECE-ACA7-451E-9676-EB094A565851}.Release|Any CPU.Build.0 = Release|Any CPU
	EndGlobalSection
	GlobalSection(SolutionProperties) = preSolution
		HideSolutionNode = FALSE
	EndGlobalSection
	GlobalSection(ExtensibilityGlobals) = postSolution
		SolutionGuid = {6FD8930B-911B-4420-9DBA-B7E9153D9DF5}
	EndGlobalSection
EndGlobal
